
Microsoft Visual Studio Solution File, Format Version 12.00
# Visual Studio Version 17
VisualStudioVersion = 17.6.33829.357
MinimumVisualStudioVersion = 10.0.40219.1
Project("{9A19103F-16F7-4668-BE54-9A1E7A4F7556}") = "SignupLogin.API", "SignupLogin.API\SignupLogin.API.csproj", "{F744F09C-2B92-493A-A3A8-FE80018BF813}"
EndProject
Project("{FAE04EC0-301F-11D3-BF4B-00C04F79EFBC}") = "LibCommon", "LibCommon\LibCommon.csproj", "{EEC5CD72-B390-4908-AD69-7D3B39944EB5}"
EndProject
Global
	GlobalSection(SolutionConfigurationPlatforms) = preSolution
		Debug|Any CPU = Debug|Any CPU
		Release|Any CPU = Release|Any CPU
	EndGlobalSection
	GlobalSection(ProjectConfigurationPlatforms) = postSolution
		{F744F09C-2B92-493A-A3A8-FE80018BF813}.Debug|Any CPU.ActiveCfg = Debug|Any CPU
		{F744F09C-2B92-493A-A3A8-FE80018BF813}.Debug|Any CPU.Build.0 = Debug|Any CPU
		{F744F09C-2B92-493A-A3A8-FE80018BF813}.Release|Any CPU.ActiveCfg = Release|Any CPU
		{F744F09C-2B92-493A-A3A8-FE80018BF813}.Release|Any CPU.Build.0 = Release|Any CPU
		{EEC5CD72-B390-4908-AD69-7D3B39944EB5}.Debug|Any CPU.ActiveCfg = Debug|Any CPU
		{EEC5CD72-B390-4908-AD69-7D3B39944EB5}.Debug|Any CPU.Build.0 = Debug|Any CPU
		{EEC5CD72-B390-4908-AD69-7D3B39944EB5}.Release|Any CPU.ActiveCfg = Release|Any CPU
		{EEC5CD72-B390-4908-AD69-7D3B39944EB5}.Release|Any CPU.Build.0 = Release|Any CPU
	EndGlobalSection
	GlobalSection(SolutionProperties) = preSolution
		HideSolutionNode = FALSE
	EndGlobalSection
	GlobalSection(ExtensibilityGlobals) = postSolution
		SolutionGuid = {00C10766-8B91-4502-A30C-3F18BF743ACC}
	EndGlobalSection
EndGlobal
