
Microsoft Visual Studio Solution File, Format Version 12.00
# Visual Studio Version 16
VisualStudioVersion = 16.0.33529.622
MinimumVisualStudioVersion = 10.0.40219.1
Project("{FAE04EC0-301F-11D3-BF4B-00C04F79EFBC}") = "LibTcpServer", "LibTcpServer\LibTcpServer.csproj", "{121B4DFD-3DF6-429F-A670-F247BB39E8F3}"
EndProject
Global
	GlobalSection(SolutionConfigurationPlatforms) = preSolution
		Debug|Any CPU = Debug|Any CPU
		Release|Any CPU = Release|Any CPU
	EndGlobalSection
	GlobalSection(ProjectConfigurationPlatforms) = postSolution
		{121B4DFD-3DF6-429F-A670-F247BB39E8F3}.Debug|Any CPU.ActiveCfg = Debug|Any CPU
		{121B4DFD-3DF6-429F-A670-F247BB39E8F3}.Debug|Any CPU.Build.0 = Debug|Any CPU
		{121B4DFD-3DF6-429F-A670-F247BB39E8F3}.Release|Any CPU.ActiveCfg = Release|Any CPU
		{121B4DFD-3DF6-429F-A670-F247BB39E8F3}.Release|Any CPU.Build.0 = Release|Any CPU
	EndGlobalSection
	GlobalSection(SolutionProperties) = preSolution
		HideSolutionNode = FALSE
	EndGlobalSection
	GlobalSection(ExtensibilityGlobals) = postSolution
		SolutionGuid = {E0052EC8-CD02-4B9A-AFA4-54613E8A54FB}
	EndGlobalSection
EndGlobal
