
Microsoft Visual Studio Solution File, Format Version 12.00
# Visual Studio Version 16
VisualStudioVersion = 16.0.32413.511
MinimumVisualStudioVersion = 10.0.40219.1
Project("{9A19103F-16F7-4668-BE54-9A1E7A4F7556}") = "Subway_BACnet", "src\Subway_BACnet.csproj", "{1BEA926C-D568-4FF5-9E7D-33B5AA67E47B}"
EndProject
Project("{9A19103F-16F7-4668-BE54-9A1E7A4F7556}") = "LibCommonDef", "lib\LibCommonDef\LibCommonDef.csproj", "{F6D6204F-CBC6-4016-BFDC-A25EB1B86AB9}"
EndProject
Global
	GlobalSection(SolutionConfigurationPlatforms) = preSolution
		Debug|Any CPU = Debug|Any CPU
		Release|Any CPU = Release|Any CPU
	EndGlobalSection
	GlobalSection(ProjectConfigurationPlatforms) = postSolution
		{1BEA926C-D568-4FF5-9E7D-33B5AA67E47B}.Debug|Any CPU.ActiveCfg = Debug|Any CPU
		{1BEA926C-D568-4FF5-9E7D-33B5AA67E47B}.Debug|Any CPU.Build.0 = Debug|Any CPU
		{1BEA926C-D568-4FF5-9E7D-33B5AA67E47B}.Release|Any CPU.ActiveCfg = Release|Any CPU
		{1BEA926C-D568-4FF5-9E7D-33B5AA67E47B}.Release|Any CPU.Build.0 = Release|Any CPU
		{F6D6204F-CBC6-4016-BFDC-A25EB1B86AB9}.Debug|Any CPU.ActiveCfg = Debug|Any CPU
		{F6D6204F-CBC6-4016-BFDC-A25EB1B86AB9}.Debug|Any CPU.Build.0 = Debug|Any CPU
		{F6D6204F-CBC6-4016-BFDC-A25EB1B86AB9}.Release|Any CPU.ActiveCfg = Release|Any CPU
		{F6D6204F-CBC6-4016-BFDC-A25EB1B86AB9}.Release|Any CPU.Build.0 = Release|Any CPU
	EndGlobalSection
	GlobalSection(SolutionProperties) = preSolution
		HideSolutionNode = FALSE
	EndGlobalSection
	GlobalSection(ExtensibilityGlobals) = postSolution
		SolutionGuid = {8141FFB5-BC28-47DB-853E-6883D1E532DA}
	EndGlobalSection
EndGlobal
